
Microsoft Visual Studio Solution File, Format Version 12.00
# Visual Studio 14
VisualStudioVersion = 14.0.23107.0
MinimumVisualStudioVersion = 10.0.40219.1
Project("{FAE04EC0-301F-11D3-BF4B-00C04F79EFBC}") = "ProductWithTests", "ProductWithTests\ProductWithTests.csproj", "{FFF3F82C-3034-429D-83B0-A23828E81B77}"
EndProject
Project("{FAE04EC0-301F-11D3-BF4B-00C04F79EFBC}") = "ProductWithTests.Tests", "ProductWithTests.Tests\ProductWithTests.Tests.csproj", "{CC981793-8E17-4C2B-986A-A63E4AC0ACC5}"
EndProject
Global
	GlobalSection(SolutionConfigurationPlatforms) = preSolution
		Debug|Any CPU = Debug|Any CPU
		Release|Any CPU = Release|Any CPU
	EndGlobalSection
	GlobalSection(ProjectConfigurationPlatforms) = postSolution
		{FFF3F82C-3034-429D-83B0-A23828E81B77}.Debug|Any CPU.ActiveCfg = Debug|Any CPU
		{FFF3F82C-3034-429D-83B0-A23828E81B77}.Debug|Any CPU.Build.0 = Debug|Any CPU
		{FFF3F82C-3034-429D-83B0-A23828E81B77}.Release|Any CPU.ActiveCfg = Release|Any CPU
		{FFF3F82C-3034-429D-83B0-A23828E81B77}.Release|Any CPU.Build.0 = Release|Any CPU
		{CC981793-8E17-4C2B-986A-A63E4AC0ACC5}.Debug|Any CPU.ActiveCfg = Debug|Any CPU
		{CC981793-8E17-4C2B-986A-A63E4AC0ACC5}.Debug|Any CPU.Build.0 = Debug|Any CPU
		{CC981793-8E17-4C2B-986A-A63E4AC0ACC5}.Release|Any CPU.ActiveCfg = Release|Any CPU
		{CC981793-8E17-4C2B-986A-A63E4AC0ACC5}.Release|Any CPU.Build.0 = Release|Any CPU
	EndGlobalSection
	GlobalSection(SolutionProperties) = preSolution
		HideSolutionNode = FALSE
	EndGlobalSection
EndGlobal
