
Microsoft Visual Studio Solution File, Format Version 12.00
# Visual Studio 14
VisualStudioVersion = 14.0.23107.0
MinimumVisualStudioVersion = 10.0.40219.1
Project("{FAE04EC0-301F-11D3-BF4B-00C04F79EFBC}") = "ContactManagerWithGenericRepository", "ContactManagerWithGenericRepository\ContactManagerWithGenericRepository.csproj", "{812F8C76-A666-4699-8C3F-4332C5B8D7E5}"
EndProject
Global
	GlobalSection(SolutionConfigurationPlatforms) = preSolution
		Debug|Any CPU = Debug|Any CPU
		Release|Any CPU = Release|Any CPU
	EndGlobalSection
	GlobalSection(ProjectConfigurationPlatforms) = postSolution
		{812F8C76-A666-4699-8C3F-4332C5B8D7E5}.Debug|Any CPU.ActiveCfg = Debug|Any CPU
		{812F8C76-A666-4699-8C3F-4332C5B8D7E5}.Debug|Any CPU.Build.0 = Debug|Any CPU
		{812F8C76-A666-4699-8C3F-4332C5B8D7E5}.Release|Any CPU.ActiveCfg = Release|Any CPU
		{812F8C76-A666-4699-8C3F-4332C5B8D7E5}.Release|Any CPU.Build.0 = Release|Any CPU
	EndGlobalSection
	GlobalSection(SolutionProperties) = preSolution
		HideSolutionNode = FALSE
	EndGlobalSection
EndGlobal
